
Microsoft Visual Studio Solution File, Format Version 12.00
Project("{FAE04EC0-301F-11D3-BF4B-00C04F79EFBC}") = "01-1", "01-1\01-1.csproj", "{BF1CDAD2-D278-45A9-8F76-5444F3068D31}"
EndProject
Project("{FAE04EC0-301F-11D3-BF4B-00C04F79EFBC}") = "01-2", "01-2\01-2.csproj", "{E6F1567C-9782-4948-92FD-64CB2209B344}"
EndProject
Project("{FAE04EC0-301F-11D3-BF4B-00C04F79EFBC}") = "02-1", "02-1\02-1.csproj", "{DFEE758A-8208-49E0-8CD4-816CCB412EDC}"
EndProject
Project("{FAE04EC0-301F-11D3-BF4B-00C04F79EFBC}") = "02-2", "02-2\02-2.csproj", "{24CA4DCF-E3FF-47A9-8142-AA9900DCD17E}"
EndProject
Project("{FAE04EC0-301F-11D3-BF4B-00C04F79EFBC}") = "03-1", "03-1\03-1.csproj", "{801A8678-69D9-4573-9B7B-85C3FC835381}"
EndProject
Project("{FAE04EC0-301F-11D3-BF4B-00C04F79EFBC}") = "03-2", "03-2\03-2.csproj", "{9490EC23-930B-4FCA-84DD-FCC7BFEBED8E}"
EndProject
Project("{FAE04EC0-301F-11D3-BF4B-00C04F79EFBC}") = "04-1", "04-1\04-1.csproj", "{BFFA6C3A-61E3-486C-9557-DB4A2B282798}"
EndProject
Project("{FAE04EC0-301F-11D3-BF4B-00C04F79EFBC}") = "04-2", "04-2\04-2.csproj", "{AEDA070F-3986-43F4-A770-CB02C825EE34}"
EndProject
Project("{FAE04EC0-301F-11D3-BF4B-00C04F79EFBC}") = "05-1", "05-1\05-1.csproj", "{CC90E397-51BC-421E-A49A-23009FFAE68A}"
EndProject
Project("{FAE04EC0-301F-11D3-BF4B-00C04F79EFBC}") = "05-2", "05-2\05-2.csproj", "{B4E8D04C-4CFC-441E-9148-24BD1D86EFBD}"
EndProject
Project("{FAE04EC0-301F-11D3-BF4B-00C04F79EFBC}") = "06-1", "06-1\06-1.csproj", "{A15A0935-8250-4FB1-B90F-98FAB8BC12C3}"
EndProject
Project("{FAE04EC0-301F-11D3-BF4B-00C04F79EFBC}") = "06-2", "06-2\06-2.csproj", "{5E797373-B363-44DF-9FB9-BF4A10A88629}"
EndProject
Global
	GlobalSection(SolutionConfigurationPlatforms) = preSolution
		Debug|Any CPU = Debug|Any CPU
		Release|Any CPU = Release|Any CPU
	EndGlobalSection
	GlobalSection(ProjectConfigurationPlatforms) = postSolution
		{BF1CDAD2-D278-45A9-8F76-5444F3068D31}.Debug|Any CPU.ActiveCfg = Debug|Any CPU
		{BF1CDAD2-D278-45A9-8F76-5444F3068D31}.Debug|Any CPU.Build.0 = Debug|Any CPU
		{BF1CDAD2-D278-45A9-8F76-5444F3068D31}.Release|Any CPU.ActiveCfg = Release|Any CPU
		{BF1CDAD2-D278-45A9-8F76-5444F3068D31}.Release|Any CPU.Build.0 = Release|Any CPU
		{E6F1567C-9782-4948-92FD-64CB2209B344}.Debug|Any CPU.ActiveCfg = Debug|Any CPU
		{E6F1567C-9782-4948-92FD-64CB2209B344}.Debug|Any CPU.Build.0 = Debug|Any CPU
		{E6F1567C-9782-4948-92FD-64CB2209B344}.Release|Any CPU.ActiveCfg = Release|Any CPU
		{E6F1567C-9782-4948-92FD-64CB2209B344}.Release|Any CPU.Build.0 = Release|Any CPU
		{DFEE758A-8208-49E0-8CD4-816CCB412EDC}.Debug|Any CPU.ActiveCfg = Debug|Any CPU
		{DFEE758A-8208-49E0-8CD4-816CCB412EDC}.Debug|Any CPU.Build.0 = Debug|Any CPU
		{DFEE758A-8208-49E0-8CD4-816CCB412EDC}.Release|Any CPU.ActiveCfg = Release|Any CPU
		{DFEE758A-8208-49E0-8CD4-816CCB412EDC}.Release|Any CPU.Build.0 = Release|Any CPU
		{24CA4DCF-E3FF-47A9-8142-AA9900DCD17E}.Debug|Any CPU.ActiveCfg = Debug|Any CPU
		{24CA4DCF-E3FF-47A9-8142-AA9900DCD17E}.Debug|Any CPU.Build.0 = Debug|Any CPU
		{24CA4DCF-E3FF-47A9-8142-AA9900DCD17E}.Release|Any CPU.ActiveCfg = Release|Any CPU
		{24CA4DCF-E3FF-47A9-8142-AA9900DCD17E}.Release|Any CPU.Build.0 = Release|Any CPU
		{801A8678-69D9-4573-9B7B-85C3FC835381}.Debug|Any CPU.ActiveCfg = Debug|Any CPU
		{801A8678-69D9-4573-9B7B-85C3FC835381}.Debug|Any CPU.Build.0 = Debug|Any CPU
		{801A8678-69D9-4573-9B7B-85C3FC835381}.Release|Any CPU.ActiveCfg = Release|Any CPU
		{801A8678-69D9-4573-9B7B-85C3FC835381}.Release|Any CPU.Build.0 = Release|Any CPU
		{9490EC23-930B-4FCA-84DD-FCC7BFEBED8E}.Debug|Any CPU.ActiveCfg = Debug|Any CPU
		{9490EC23-930B-4FCA-84DD-FCC7BFEBED8E}.Debug|Any CPU.Build.0 = Debug|Any CPU
		{9490EC23-930B-4FCA-84DD-FCC7BFEBED8E}.Release|Any CPU.ActiveCfg = Release|Any CPU
		{9490EC23-930B-4FCA-84DD-FCC7BFEBED8E}.Release|Any CPU.Build.0 = Release|Any CPU
		{BFFA6C3A-61E3-486C-9557-DB4A2B282798}.Debug|Any CPU.ActiveCfg = Debug|Any CPU
		{BFFA6C3A-61E3-486C-9557-DB4A2B282798}.Debug|Any CPU.Build.0 = Debug|Any CPU
		{BFFA6C3A-61E3-486C-9557-DB4A2B282798}.Release|Any CPU.ActiveCfg = Release|Any CPU
		{BFFA6C3A-61E3-486C-9557-DB4A2B282798}.Release|Any CPU.Build.0 = Release|Any CPU
		{AEDA070F-3986-43F4-A770-CB02C825EE34}.Debug|Any CPU.ActiveCfg = Debug|Any CPU
		{AEDA070F-3986-43F4-A770-CB02C825EE34}.Debug|Any CPU.Build.0 = Debug|Any CPU
		{AEDA070F-3986-43F4-A770-CB02C825EE34}.Release|Any CPU.ActiveCfg = Release|Any CPU
		{AEDA070F-3986-43F4-A770-CB02C825EE34}.Release|Any CPU.Build.0 = Release|Any CPU
		{CC90E397-51BC-421E-A49A-23009FFAE68A}.Debug|Any CPU.ActiveCfg = Debug|Any CPU
		{CC90E397-51BC-421E-A49A-23009FFAE68A}.Debug|Any CPU.Build.0 = Debug|Any CPU
		{CC90E397-51BC-421E-A49A-23009FFAE68A}.Release|Any CPU.ActiveCfg = Release|Any CPU
		{CC90E397-51BC-421E-A49A-23009FFAE68A}.Release|Any CPU.Build.0 = Release|Any CPU
		{B4E8D04C-4CFC-441E-9148-24BD1D86EFBD}.Debug|Any CPU.ActiveCfg = Debug|Any CPU
		{B4E8D04C-4CFC-441E-9148-24BD1D86EFBD}.Debug|Any CPU.Build.0 = Debug|Any CPU
		{B4E8D04C-4CFC-441E-9148-24BD1D86EFBD}.Release|Any CPU.ActiveCfg = Release|Any CPU
		{B4E8D04C-4CFC-441E-9148-24BD1D86EFBD}.Release|Any CPU.Build.0 = Release|Any CPU
		{A15A0935-8250-4FB1-B90F-98FAB8BC12C3}.Debug|Any CPU.ActiveCfg = Debug|Any CPU
		{A15A0935-8250-4FB1-B90F-98FAB8BC12C3}.Debug|Any CPU.Build.0 = Debug|Any CPU
		{A15A0935-8250-4FB1-B90F-98FAB8BC12C3}.Release|Any CPU.ActiveCfg = Release|Any CPU
		{A15A0935-8250-4FB1-B90F-98FAB8BC12C3}.Release|Any CPU.Build.0 = Release|Any CPU
		{5E797373-B363-44DF-9FB9-BF4A10A88629}.Debug|Any CPU.ActiveCfg = Debug|Any CPU
		{5E797373-B363-44DF-9FB9-BF4A10A88629}.Debug|Any CPU.Build.0 = Debug|Any CPU
		{5E797373-B363-44DF-9FB9-BF4A10A88629}.Release|Any CPU.ActiveCfg = Release|Any CPU
		{5E797373-B363-44DF-9FB9-BF4A10A88629}.Release|Any CPU.Build.0 = Release|Any CPU
	EndGlobalSection
EndGlobal
